
Microsoft Visual Studio Solution File, Format Version 12.00
# Visual Studio Version 17
VisualStudioVersion = 17.7.34031.279
MinimumVisualStudioVersion = 10.0.40219.1
Project("{FAE04EC0-301F-11D3-BF4B-00C04F79EFBC}") = "HomeWork5", "HomeWork5\HomeWork5.csproj", "{2D924A18-F13C-435C-9A6C-AE6B4FFF8867}"
EndProject
Global
	GlobalSection(SolutionConfigurationPlatforms) = preSolution
		Debug|Any CPU = Debug|Any CPU
		Release|Any CPU = Release|Any CPU
	EndGlobalSection
	GlobalSection(ProjectConfigurationPlatforms) = postSolution
		{2D924A18-F13C-435C-9A6C-AE6B4FFF8867}.Debug|Any CPU.ActiveCfg = Debug|Any CPU
		{2D924A18-F13C-435C-9A6C-AE6B4FFF8867}.Debug|Any CPU.Build.0 = Debug|Any CPU
		{2D924A18-F13C-435C-9A6C-AE6B4FFF8867}.Release|Any CPU.ActiveCfg = Release|Any CPU
		{2D924A18-F13C-435C-9A6C-AE6B4FFF8867}.Release|Any CPU.Build.0 = Release|Any CPU
	EndGlobalSection
	GlobalSection(SolutionProperties) = preSolution
		HideSolutionNode = FALSE
	EndGlobalSection
	GlobalSection(ExtensibilityGlobals) = postSolution
		SolutionGuid = {B71846CB-75ED-43EE-ABD2-8622F9E277AC}
	EndGlobalSection
EndGlobal
